// !$*UTF8*$!
{
	archiveVersion = 1;
	classes = {
	};
	objectVersion = 46;
	objects = {

/* Begin PBXBuildFile section */
		90E83BFC1A80797700626CE2 /* main.m in Sources */ = {isa = PBXBuildFile; fileRef = 90E83BFB1A80797700626CE2 /* main.m */; };
		90E83BFF1A80797700626CE2 /* AppDelegate.m in Sources */ = {isa = PBXBuildFile; fileRef = 90E83BFE1A80797700626CE2 /* AppDelegate.m */; };
		90E83C021A80797700626CE2 /* FirstViewController.m in Sources */ = {isa = PBXBuildFile; fileRef = 90E83C011A80797700626CE2 /* FirstViewController.m */; };
		90E83C051A80797700626CE2 /* SecondViewController.m in Sources */ = {isa = PBXBuildFile; fileRef = 90E83C041A80797700626CE2 /* SecondViewController.m */; };
		90E83C081A80797700626CE2 /* Main.storyboard in Resources */ = {isa = PBXBuildFile; fileRef = 90E83C061A80797700626CE2 /* Main.storyboard */; };
		90E83C0A1A80797700626CE2 /* Images.xcassets in Resources */ = {isa = PBXBuildFile; fileRef = 90E83C091A80797700626CE2 /* Images.xcassets */; };
		90E83C0D1A80797700626CE2 /* LaunchScreen.xib in Resources */ = {isa = PBXBuildFile; fileRef = 90E83C0B1A80797700626CE2 /* LaunchScreen.xib */; };
		90E83C191A80797700626CE2 /* Game_ToolkitTests.m in Sources */ = {isa = PBXBuildFile; fileRef = 90E83C181A80797700626CE2 /* Game_ToolkitTests.m */; };
/* End PBXBuildFile section */

/* Begin PBXContainerItemProxy section */
		90E83C131A80797700626CE2 /* PBXContainerItemProxy */ = {
			isa = PBXContainerItemProxy;
			containerPortal = 90E83BEE1A80797700626CE2 /* Project object */;
			proxyType = 1;
			remoteGlobalIDString = 90E83BF51A80797700626CE2;
			remoteInfo = "Game Toolkit";
		};
/* End PBXContainerItemProxy section */

/* Begin PBXFileReference section */
		90E83BF61A80797700626CE2 /* Game Toolkit.app */ = {isa = PBXFileReference; explicitFileType = wrapper.application; includeInIndex = 0; path = "Game Toolkit.app"; sourceTree = BUILT_PRODUCTS_DIR; };
		90E83BFA1A80797700626CE2 /* Info.plist */ = {isa = PBXFileReference; lastKnownFileType = text.plist.xml; path = Info.plist; sourceTree = "<group>"; };
		90E83BFB1A80797700626CE2 /* main.m */ = {isa = PBXFileReference; lastKnownFileType = sourcecode.c.objc; path = main.m; sourceTree = "<group>"; };
		90E83BFD1A80797700626CE2 /* AppDelegate.h */ = {isa = PBXFileReference; lastKnownFileType = sourcecode.c.h; path = AppDelegate.h; sourceTree = "<group>"; };
		90E83BFE1A80797700626CE2 /* AppDelegate.m */ = {isa = PBXFileReference; lastKnownFileType = sourcecode.c.objc; path = AppDelegate.m; sourceTree = "<group>"; };
		90E83C001A80797700626CE2 /* FirstViewController.h */ = {isa = PBXFileReference; lastKnownFileType = sourcecode.c.h; path = FirstViewController.h; sourceTree = "<group>"; };
		90E83C011A80797700626CE2 /* FirstViewController.m */ = {isa = PBXFileReference; lastKnownFileType = sourcecode.c.objc; path = FirstViewController.m; sourceTree = "<group>"; };
		90E83C031A80797700626CE2 /* SecondViewController.h */ = {isa = PBXFileReference; lastKnownFileType = sourcecode.c.h; path = SecondViewController.h; sourceTree = "<group>"; };
		90E83C041A80797700626CE2 /* SecondViewController.m */ = {isa = PBXFileReference; lastKnownFileType = sourcecode.c.objc; path = SecondViewController.m; sourceTree = "<group>"; };
		90E83C071A80797700626CE2 /* Base */ = {isa = PBXFileReference; lastKnownFileType = file.storyboard; name = Base; path = Base.lproj/Main.storyboard; sourceTree = "<group>"; };
		90E83C091A80797700626CE2 /* Images.xcassets */ = {isa = PBXFileReference; lastKnownFileType = folder.assetcatalog; path = Images.xcassets; sourceTree = "<group>"; };
		90E83C0C1A80797700626CE2 /* Base */ = {isa = PBXFileReference; lastKnownFileType = file.xib; name = Base; path = Base.lproj/LaunchScreen.xib; sourceTree = "<group>"; };
		90E83C121A80797700626CE2 /* Game ToolkitTests.xctest */ = {isa = PBXFileReference; explicitFileType = wrapper.cfbundle; includeInIndex = 0; path = "Game ToolkitTests.xctest"; sourceTree = BUILT_PRODUCTS_DIR; };
		90E83C171A80797700626CE2 /* Info.plist */ = {isa = PBXFileReference; lastKnownFileType = text.plist.xml; path = Info.plist; sourceTree = "<group>"; };
		90E83C181A80797700626CE2 /* Game_ToolkitTests.m */ = {isa = PBXFileReference; lastKnownFileType = sourcecode.c.objc; path = Game_ToolkitTests.m; sourceTree = "<group>"; };
/* End PBXFileReference section */

/* Begin PBXFrameworksBuildPhase section */
		90E83BF31A80797700626CE2 /* Frameworks */ = {
			isa = PBXFrameworksBuildPhase;
			buildActionMask = 2147483647;
			files = (
			);
			runOnlyForDeploymentPostprocessing = 0;
		};
		90E83C0F1A80797700626CE2 /* Frameworks */ = {
			isa = PBXFrameworksBuildPhase;
			buildActionMask = 2147483647;
			files = (
			);
			runOnlyForDeploymentPostprocessing = 0;
		};
/* End PBXFrameworksBuildPhase section */

/* Begin PBXGroup section */
		90E83BED1A80797700626CE2 = {
			isa = PBXGroup;
			children = (
				90E83BF81A80797700626CE2 /* Game Toolkit */,
				90E83C151A80797700626CE2 /* Game ToolkitTests */,
				90E83BF71A80797700626CE2 /* Products */,
			);
			sourceTree = "<group>";
		};
		90E83BF71A80797700626CE2 /* Products */ = {
			isa = PBXGroup;
			children = (
				90E83BF61A80797700626CE2 /* Game Toolkit.app */,
				90E83C121A80797700626CE2 /* Game ToolkitTests.xctest */,
			);
			name = Products;
			sourceTree = "<group>";
		};
		90E83BF81A80797700626CE2 /* Game Toolkit */ = {
			isa = PBXGroup;
			children = (
				90E83BFD1A80797700626CE2 /* AppDelegate.h */,
				90E83BFE1A80797700626CE2 /* AppDelegate.m */,
				90E83C001A80797700626CE2 /* FirstViewController.h */,
				90E83C011A80797700626CE2 /* FirstViewController.m */,
				90E83C031A80797700626CE2 /* SecondViewController.h */,
				90E83C041A80797700626CE2 /* SecondViewController.m */,
				90E83C061A80797700626CE2 /* Main.storyboard */,
				90E83C091A80797700626CE2 /* Images.xcassets */,
				90E83C0B1A80797700626CE2 /* LaunchScreen.xib */,
				90E83BF91A80797700626CE2 /* Supporting Files */,
			);
			path = "Game Toolkit";
			sourceTree = "<group>";
		};
		90E83BF91A80797700626CE2 /* Supporting Files */ = {
			isa = PBXGroup;
			children = (
				90E83BFA1A80797700626CE2 /* Info.plist */,
				90E83BFB1A80797700626CE2 /* main.m */,
			);
			name = "Supporting Files";
			sourceTree = "<group>";
		};
		90E83C151A80797700626CE2 /* Game ToolkitTests */ = {
			isa = PBXGroup;
			children = (
				90E83C181A80797700626CE2 /* Game_ToolkitTests.m */,
				90E83C161A80797700626CE2 /* Supporting Files */,
			);
			path = "Game ToolkitTests";
			sourceTree = "<group>";
		};
		90E83C161A80797700626CE2 /* Supporting Files */ = {
			isa = PBXGroup;
			children = (
				90E83C171A80797700626CE2 /* Info.plist */,
			);
			name = "Supporting Files";
			sourceTree = "<group>";
		};
/* End PBXGroup section */

/* Begin PBXNativeTarget section */
		90E83BF51A80797700626CE2 /* Game Toolkit */ = {
			isa = PBXNativeTarget;
			buildConfigurationList = 90E83C1C1A80797700626CE2 /* Build configuration list for PBXNativeTarget "Game Toolkit" */;
			buildPhases = (
				90E83BF21A80797700626CE2 /* Sources */,
				90E83BF31A80797700626CE2 /* Frameworks */,
				90E83BF41A80797700626CE2 /* Resources */,
			);
			buildRules = (
			);
			dependencies = (
			);
			name = "Game Toolkit";
			productName = "Game Toolkit";
			productReference = 90E83BF61A80797700626CE2 /* Game Toolkit.app */;
			productType = "com.apple.product-type.application";
		};
		90E83C111A80797700626CE2 /* Game ToolkitTests */ = {
			isa = PBXNativeTarget;
			buildConfigurationList = 90E83C1F1A80797700626CE2 /* Build configuration list for PBXNativeTarget "Game ToolkitTests" */;
			buildPhases = (
				90E83C0E1A80797700626CE2 /* Sources */,
				90E83C0F1A80797700626CE2 /* Frameworks */,
				90E83C101A80797700626CE2 /* Resources */,
			);
			buildRules = (
			);
			dependencies = (
				90E83C141A80797700626CE2 /* PBXTargetDependency */,
			);
			name = "Game ToolkitTests";
			productName = "Game ToolkitTests";
			productReference = 90E83C121A80797700626CE2 /* Game ToolkitTests.xctest */;
			productType = "com.apple.product-type.bundle.unit-test";
		};
/* End PBXNativeTarget section */

/* Begin PBXProject section */
		90E83BEE1A80797700626CE2 /* Project object */ = {
			isa = PBXProject;
			attributes = {
				LastUpgradeCheck = 0620;
				ORGANIZATIONNAME = "Nathan Fennel";
				TargetAttributes = {
					90E83BF51A80797700626CE2 = {
						CreatedOnToolsVersion = 6.2;
					};
					90E83C111A80797700626CE2 = {
						CreatedOnToolsVersion = 6.2;
						TestTargetID = 90E83BF51A80797700626CE2;
					};
				};
			};
			buildConfigurationList = 90E83BF11A80797700626CE2 /* Build configuration list for PBXProject "Game Toolkit" */;
			compatibilityVersion = "Xcode 3.2";
			developmentRegion = English;
			hasScannedForEncodings = 0;
			knownRegions = (
				en,
				Base,
			);
			mainGroup = 90E83BED1A80797700626CE2;
			productRefGroup = 90E83BF71A80797700626CE2 /* Products */;
			projectDirPath = "";
			projectRoot = "";
			targets = (
				90E83BF51A80797700626CE2 /* Game Toolkit */,
				90E83C111A80797700626CE2 /* Game ToolkitTests */,
			);
		};
/* End PBXProject section */

/* Begin PBXResourcesBuildPhase section */
		90E83BF41A80797700626CE2 /* Resources */ = {
			isa = PBXResourcesBuildPhase;
			buildActionMask = 2147483647;
			files = (
				90E83C081A80797700626CE2 /* Main.storyboard in Resources */,
				90E83C0D1A80797700626CE2 /* LaunchScreen.xib in Resources */,
				90E83C0A1A80797700626CE2 /* Images.xcassets in Resources */,
			);
			runOnlyForDeploymentPostprocessing = 0;
		};
		90E83C101A80797700626CE2 /* Resources */ = {
			isa = PBXResourcesBuildPhase;
			buildActionMask = 2147483647;
			files = (
			);
			runOnlyForDeploymentPostprocessing = 0;
		};
/* End PBXResourcesBuildPhase section */

/* Begin PBXSourcesBuildPhase section */
		90E83BF21A80797700626CE2 /* Sources */ = {
			isa = PBXSourcesBuildPhase;
			buildActionMask = 2147483647;
			files = (
				90E83C051A80797700626CE2 /* SecondViewController.m in Sources */,
				90E83BFF1A80797700626CE2 /* AppDelegate.m in Sources */,
				90E83C021A80797700626CE2 /* FirstViewController.m in Sources */,
				90E83BFC1A80797700626CE2 /* main.m in Sources */,
			);
			runOnlyForDeploymentPostprocessing = 0;
		};
		90E83C0E1A80797700626CE2 /* Sources */ = {
			isa = PBXSourcesBuildPhase;
			buildActionMask = 2147483647;
			files = (
				90E83C191A80797700626CE2 /* Game_ToolkitTests.m in Sources */,
			);
			runOnlyForDeploymentPostprocessing = 0;
		};
/* End PBXSourcesBuildPhase section */

/* Begin PBXTargetDependency section */
		90E83C141A80797700626CE2 /* PBXTargetDependency */ = {
			isa = PBXTargetDependency;
			target = 90E83BF51A80797700626CE2 /* Game Toolkit */;
			targetProxy = 90E83C131A80797700626CE2 /* PBXContainerItemProxy */;
		};
/* End PBXTargetDependency section */

/* Begin PBXVariantGroup section */
		90E83C061A80797700626CE2 /* Main.storyboard */ = {
			isa = PBXVariantGroup;
			children = (
				90E83C071A80797700626CE2 /* Base */,
			);
			name = Main.storyboard;
			sourceTree = "<group>";
		};
		90E83C0B1A80797700626CE2 /* LaunchScreen.xib */ = {
			isa = PBXVariantGroup;
			children = (
				90E83C0C1A80797700626CE2 /* Base */,
			);
			name = LaunchScreen.xib;
			sourceTree = "<group>";
		};
/* End PBXVariantGroup section */

/* Begin XCBuildConfiguration section */
		90E83C1A1A80797700626CE2 /* Debug */ = {
			isa = XCBuildConfiguration;
			buildSettings = {
				ALWAYS_SEARCH_USER_PATHS = NO;
				CLANG_CXX_LANGUAGE_STANDARD = "gnu++0x";
				CLANG_CXX_LIBRARY = "libc++";
				CLANG_ENABLE_MODULES = YES;
				CLANG_ENABLE_OBJC_ARC = YES;
				CLANG_WARN_BOOL_CONVERSION = YES;
				CLANG_WARN_CONSTANT_CONVERSION = YES;
				CLANG_WARN_DIRECT_OBJC_ISA_USAGE = YES_ERROR;
				CLANG_WARN_EMPTY_BODY = YES;
				CLANG_WARN_ENUM_CONVERSION = YES;
				CLANG_WARN_INT_CONVERSION = YES;
				CLANG_WARN_OBJC_ROOT_CLASS = YES_ERROR;
				CLANG_WARN_UNREACHABLE_CODE = YES;
				CLANG_WARN__DUPLICATE_METHOD_MATCH = YES;
				"CODE_SIGN_IDENTITY[sdk=iphoneos*]" = "iPhone Developer";
				COPY_PHASE_STRIP = NO;
				ENABLE_STRICT_OBJC_MSGSEND = YES;
				GCC_C_LANGUAGE_STANDARD = gnu99;
				GCC_DYNAMIC_NO_PIC = NO;
				GCC_OPTIMIZATION_LEVEL = 0;
				GCC_PREPROCESSOR_DEFINITIONS = (
					"DEBUG=1",
					"$(inherited)",
				);
				GCC_SYMBOLS_PRIVATE_EXTERN = NO;
				GCC_WARN_64_TO_32_BIT_CONVERSION = YES;
				GCC_WARN_ABOUT_RETURN_TYPE = YES_ERROR;
				GCC_WARN_UNDECLARED_SELECTOR = YES;
				GCC_WARN_UNINITIALIZED_AUTOS = YES_AGGRESSIVE;
				GCC_WARN_UNUSED_FUNCTION = YES;
				GCC_WARN_UNUSED_VARIABLE = YES;
				IPHONEOS_DEPLOYMENT_TARGET = 8.2;
				MTL_ENABLE_DEBUG_INFO = YES;
				ONLY_ACTIVE_ARCH = YES;
				SDKROOT = iphoneos;
				TARGETED_DEVICE_FAMILY = "1,2";
			};
			name = Debug;
		};
		90E83C1B1A80797700626CE2 /* Release */ = {
			isa = XCBuildConfiguration;
			buildSettings = {
				ALWAYS_SEARCH_USER_PATHS = NO;
				CLANG_CXX_LANGUAGE_STANDARD = "gnu++0x";
				CLANG_CXX_LIBRARY = "libc++";
				CLANG_ENABLE_MODULES = YES;
				CLANG_ENABLE_OBJC_ARC = YES;
				CLANG_WARN_BOOL_CONVERSION = YES;
				CLANG_WARN_CONSTANT_CONVERSION = YES;
				CLANG_WARN_DIRECT_OBJC_ISA_USAGE = YES_ERROR;
				CLANG_WARN_EMPTY_BODY = YES;
				CLANG_WARN_ENUM_CONVERSION = YES;
				CLANG_WARN_INT_CONVERSION = YES;
				CLANG_WARN_OBJC_ROOT_CLASS = YES_ERROR;
				CLANG_WARN_UNREACHABLE_CODE = YES;
				CLANG_WARN__DUPLICATE_METHOD_MATCH = YES;
				"CODE_SIGN_IDENTITY[sdk=iphoneos*]" = "iPhone Developer";
				COPY_PHASE_STRIP = YES;
				ENABLE_NS_ASSERTIONS = NO;
				ENABLE_STRICT_OBJC_MSGSEND = YES;
				GCC_C_LANGUAGE_STANDARD = gnu99;
				GCC_WARN_64_TO_32_BIT_CONVERSION = YES;
				GCC_WARN_ABOUT_RETURN_TYPE = YES_ERROR;
				GCC_WARN_UNDECLARED_SELECTOR = YES;
				GCC_WARN_UNINITIALIZED_AUTOS = YES_AGGRESSIVE;
				GCC_WARN_UNUSED_FUNCTION = YES;
				GCC_WARN_UNUSED_VARIABLE = YES;
				IPHONEOS_DEPLOYMENT_TARGET = 8.2;
				MTL_ENABLE_DEBUG_INFO = NO;
				SDKROOT = iphoneos;
				TARGETED_DEVICE_FAMILY = "1,2";
				VALIDATE_PRODUCT = YES;
			};
			name = Release;
		};
		90E83C1D1A80797700626CE2 /* Debug */ = {
			isa = XCBuildConfiguration;
			buildSettings = {
				ASSETCATALOG_COMPILER_APPICON_NAME = AppIcon;
				INFOPLIST_FILE = "Game Toolkit/Info.plist";
				LD_RUNPATH_SEARCH_PATHS = "$(inherited) @executable_path/Frameworks";
				PRODUCT_NAME = "$(TARGET_NAME)";
			};
			name = Debug;
		};
		90E83C1E1A80797700626CE2 /* Release */ = {
			isa = XCBuildConfiguration;
			buildSettings = {
				ASSETCATALOG_COMPILER_APPICON_NAME = AppIcon;
				INFOPLIST_FILE = "Game Toolkit/Info.plist";
				LD_RUNPATH_SEARCH_PATHS = "$(inherited) @executable_path/Frameworks";
				PRODUCT_NAME = "$(TARGET_NAME)";
			};
			name = Release;
		};
		90E83C201A80797700626CE2 /* Debug */ = {
			isa = XCBuildConfiguration;
			buildSettings = {
				BUNDLE_LOADER = "$(TEST_HOST)";
				FRAMEWORK_SEARCH_PATHS = (
					"$(SDKROOT)/Developer/Library/Frameworks",
					"$(inherited)",
				);
				GCC_PREPROCESSOR_DEFINITIONS = (
					"DEBUG=1",
					"$(inherited)",
				);
				INFOPLIST_FILE = "Game ToolkitTests/Info.plist";
				LD_RUNPATH_SEARCH_PATHS = "$(inherited) @executable_path/Frameworks @loader_path/Frameworks";
				PRODUCT_NAME = "$(TARGET_NAME)";
				TEST_HOST = "$(BUILT_PRODUCTS_DIR)/Game Toolkit.app/Game Toolkit";
			};
			name = Debug;
		};
		90E83C211A80797700626CE2 /* Release */ = {
			isa = XCBuildConfiguration;
			buildSettings = {
				BUNDLE_LOADER = "$(TEST_HOST)";
				FRAMEWORK_SEARCH_PATHS = (
					"$(SDKROOT)/Developer/Library/Frameworks",
					"$(inherited)",
				);
				INFOPLIST_FILE = "Game ToolkitTests/Info.plist";
				LD_RUNPATH_SEARCH_PATHS = "$(inherited) @executable_path/Frameworks @loader_path/Frameworks";
				PRODUCT_NAME = "$(TARGET_NAME)";
				TEST_HOST = "$(BUILT_PRODUCTS_DIR)/Game Toolkit.app/Game Toolkit";
			};
			name = Release;
		};
/* End XCBuildConfiguration section */

/* Begin XCConfigurationList section */
		90E83BF11A80797700626CE2 /* Build configuration list for PBXProject "Game Toolkit" */ = {
			isa = XCConfigurationList;
			buildConfigurations = (
				90E83C1A1A80797700626CE2 /* Debug */,
				90E83C1B1A80797700626CE2 /* Release */,
			);
			defaultConfigurationIsVisible = 0;
			defaultConfigurationName = Release;
		};
		90E83C1C1A80797700626CE2 /* Build configuration list for PBXNativeTarget "Game Toolkit" */ = {
			isa = XCConfigurationList;
			buildConfigurations = (
				90E83C1D1A80797700626CE2 /* Debug */,
				90E83C1E1A80797700626CE2 /* Release */,
			);
			defaultConfigurationIsVisible = 0;
		};
		90E83C1F1A80797700626CE2 /* Build configuration list for PBXNativeTarget "Game ToolkitTests" */ = {
			isa = XCConfigurationList;
			buildConfigurations = (
				90E83C201A80797700626CE2 /* Debug */,
				90E83C211A80797700626CE2 /* Release */,
			);
			defaultConfigurationIsVisible = 0;
		};
/* End XCConfigurationList section */
	};
	rootObject = 90E83BEE1A80797700626CE2 /* Project object */;
}
